PODS:
  - MKFoundationKit (1.2.2):
    - MKFoundationKit/AutoDescribe
    - MKFoundationKit/Base64
    - MKFoundationKit/Block
    - MKFoundationKit/NSArray
    - MKFoundationKit/NSBundle
    - MKFoundationKit/NSDate
    - MKFoundationKit/NSDictionary
    - MKFoundationKit/NSNumber
    - MKFoundationKit/NSObject
    - MKFoundationKit/NSSet
    - MKFoundationKit/NSString
    - MKFoundationKit/Queue
    - MKFoundationKit/Stack
  - MKFoundationKit/AutoDescribe (1.2.2)
  - MKFoundationKit/Base64 (1.2.2)
  - MKFoundationKit/Block (1.2.2)
  - MKFoundationKit/NSArray (1.2.2)
  - MKFoundationKit/NSBundle (1.2.2)
  - MKFoundationKit/NSDate (1.2.2)
  - MKFoundationKit/NSDictionary (1.2.2)
  - MKFoundationKit/NSNumber (1.2.2)
  - MKFoundationKit/NSObject (1.2.2)
  - MKFoundationKit/NSSet (1.2.2):
    - MKFoundationKit/Block
  - MKFoundationKit/NSString (1.2.2):
    - MKFoundationKit/Base64
  - MKFoundationKit/Queue (1.2.2)
  - MKFoundationKit/Stack (1.2.2)
  - OCHamcrest (3.0.1)

DEPENDENCIES:
  - MKFoundationKit (>= 1.2.0)
  - OCHamcrest (>= 3.0.0)

SPEC CHECKSUMS:
  MKFoundationKit: 7f203cb163a892826fa567842c441b1a13b4e70b
  OCHamcrest: 782c52ae8c673e5d6060a65005cfd26d20d519ba

COCOAPODS: 0.31.1
